// !$*UTF8*$!
{
	archiveVersion = 1;
	classes = {
	};
	objectVersion = 50;
	objects = {

/* Begin PBXBuildFile section */
		944AC01E23CE0E9C009FD611 /* AppDelegate.swift in Sources */ = {isa = PBXBuildFile; fileRef = 944AC01D23CE0E9C009FD611 /* AppDelegate.swift */; };
		944AC02023CE0E9C009FD611 /* SceneDelegate.swift in Sources */ = {isa = PBXBuildFile; fileRef = 944AC01F23CE0E9C009FD611 /* SceneDelegate.swift */; };
		944AC02223CE0E9C009FD611 /* ViewController.swift in Sources */ = {isa = PBXBuildFile; fileRef = 944AC02123CE0E9C009FD611 /* ViewController.swift */; };
		944AC02523CE0E9C009FD611 /* Main.storyboard in Resources */ = {isa = PBXBuildFile; fileRef = 944AC02323CE0E9C009FD611 /* Main.storyboard */; };
		944AC02723CE0E9E009FD611 /* Assets.xcassets in Resources */ = {isa = PBXBuildFile; fileRef = 944AC02623CE0E9E009FD611 /* Assets.xcassets */; };
		944AC02A23CE0E9E009FD611 /* LaunchScreen.storyboard in Resources */ = {isa = PBXBuildFile; fileRef = 944AC02823CE0E9E009FD611 /* LaunchScreen.storyboard */; };
		944AC03523CE0E9E009FD611 /* SimpleFlickrBrowserTests.swift in Sources */ = {isa = PBXBuildFile; fileRef = 944AC03423CE0E9E009FD611 /* SimpleFlickrBrowserTests.swift */; };
/* End PBXBuildFile section */

/* Begin PBXContainerItemProxy section */
		944AC03123CE0E9E009FD611 /* PBXContainerItemProxy */ = {
			isa = PBXContainerItemProxy;
			containerPortal = 944AC01223CE0E9C009FD611 /* Project object */;
			proxyType = 1;
			remoteGlobalIDString = 944AC01923CE0E9C009FD611;
			remoteInfo = SimpleFlickrBrowser;
		};
/* End PBXContainerItemProxy section */

/* Begin PBXFileReference section */
		944AC01A23CE0E9C009FD611 /* SimpleFlickrBrowser.app */ = {isa = PBXFileReference; explicitFileType = wrapper.application; includeInIndex = 0; path = SimpleFlickrBrowser.app; sourceTree = BUILT_PRODUCTS_DIR; };
		944AC01D23CE0E9C009FD611 /* AppDelegate.swift */ = {isa = PBXFileReference; lastKnownFileType = sourcecode.swift; path = AppDelegate.swift; sourceTree = "<group>"; };
		944AC01F23CE0E9C009FD611 /* SceneDelegate.swift */ = {isa = PBXFileReference; lastKnownFileType = sourcecode.swift; path = SceneDelegate.swift; sourceTree = "<group>"; };
		944AC02123CE0E9C009FD611 /* ViewController.swift */ = {isa = PBXFileReference; lastKnownFileType = sourcecode.swift; path = ViewController.swift; sourceTree = "<group>"; };
		944AC02423CE0E9C009FD611 /* Base */ = {isa = PBXFileReference; lastKnownFileType = file.storyboard; name = Base; path = Base.lproj/Main.storyboard; sourceTree = "<group>"; };
		944AC02623CE0E9E009FD611 /* Assets.xcassets */ = {isa = PBXFileReference; lastKnownFileType = folder.assetcatalog; path = Assets.xcassets; sourceTree = "<group>"; };
		944AC02923CE0E9E009FD611 /* Base */ = {isa = PBXFileReference; lastKnownFileType = file.storyboard; name = Base; path = Base.lproj/LaunchScreen.storyboard; sourceTree = "<group>"; };
		944AC02B23CE0E9E009FD611 /* Info.plist */ = {isa = PBXFileReference; lastKnownFileType = text.plist.xml; path = Info.plist; sourceTree = "<group>"; };
		944AC03023CE0E9E009FD611 /* SimpleFlickrBrowserTests.xctest */ = {isa = PBXFileReference; explicitFileType = wrapper.cfbundle; includeInIndex = 0; path = SimpleFlickrBrowserTests.xctest; sourceTree = BUILT_PRODUCTS_DIR; };
		944AC03423CE0E9E009FD611 /* SimpleFlickrBrowserTests.swift */ = {isa = PBXFileReference; lastKnownFileType = sourcecode.swift; path = SimpleFlickrBrowserTests.swift; sourceTree = "<group>"; };
		944AC03623CE0E9E009FD611 /* Info.plist */ = {isa = PBXFileReference; lastKnownFileType = text.plist.xml; path = Info.plist; sourceTree = "<group>"; };
/* End PBXFileReference section */

/* Begin PBXFrameworksBuildPhase section */
		944AC01723CE0E9C009FD611 /* Frameworks */ = {
			isa = PBXFrameworksBuildPhase;
			buildActionMask = 2147483647;
			files = (
			);
			runOnlyForDeploymentPostprocessing = 0;
		};
		944AC02D23CE0E9E009FD611 /* Frameworks */ = {
			isa = PBXFrameworksBuildPhase;
			buildActionMask = 2147483647;
			files = (
			);
			runOnlyForDeploymentPostprocessing = 0;
		};
/* End PBXFrameworksBuildPhase section */

/* Begin PBXGroup section */
		944AC01123CE0E9C009FD611 = {
			isa = PBXGroup;
			children = (
				944AC01C23CE0E9C009FD611 /* SimpleFlickrBrowser */,
				944AC03323CE0E9E009FD611 /* SimpleFlickrBrowserTests */,
				944AC01B23CE0E9C009FD611 /* Products */,
			);
			sourceTree = "<group>";
		};
		944AC01B23CE0E9C009FD611 /* Products */ = {
			isa = PBXGroup;
			children = (
				944AC01A23CE0E9C009FD611 /* SimpleFlickrBrowser.app */,
				944AC03023CE0E9E009FD611 /* SimpleFlickrBrowserTests.xctest */,
			);
			name = Products;
			sourceTree = "<group>";
		};
		944AC01C23CE0E9C009FD611 /* SimpleFlickrBrowser */ = {
			isa = PBXGroup;
			children = (
				944AC01D23CE0E9C009FD611 /* AppDelegate.swift */,
				944AC01F23CE0E9C009FD611 /* SceneDelegate.swift */,
				944AC02123CE0E9C009FD611 /* ViewController.swift */,
				944AC02323CE0E9C009FD611 /* Main.storyboard */,
				944AC02623CE0E9E009FD611 /* Assets.xcassets */,
				944AC02823CE0E9E009FD611 /* LaunchScreen.storyboard */,
				944AC02B23CE0E9E009FD611 /* Info.plist */,
			);
			path = SimpleFlickrBrowser;
			sourceTree = "<group>";
		};
		944AC03323CE0E9E009FD611 /* SimpleFlickrBrowserTests */ = {
			isa = PBXGroup;
			children = (
				944AC03423CE0E9E009FD611 /* SimpleFlickrBrowserTests.swift */,
				944AC03623CE0E9E009FD611 /* Info.plist */,
			);
			path = SimpleFlickrBrowserTests;
			sourceTree = "<group>";
		};
/* End PBXGroup section */

/* Begin PBXNativeTarget section */
		944AC01923CE0E9C009FD611 /* SimpleFlickrBrowser */ = {
			isa = PBXNativeTarget;
			buildConfigurationList = 944AC03923CE0E9E009FD611 /* Build configuration list for PBXNativeTarget "SimpleFlickrBrowser" */;
			buildPhases = (
				944AC01623CE0E9C009FD611 /* Sources */,
				944AC01723CE0E9C009FD611 /* Frameworks */,
				944AC01823CE0E9C009FD611 /* Resources */,
			);
			buildRules = (
			);
			dependencies = (
			);
			name = SimpleFlickrBrowser;
			productName = SimpleFlickrBrowser;
			productReference = 944AC01A23CE0E9C009FD611 /* SimpleFlickrBrowser.app */;
			productType = "com.apple.product-type.application";
		};
		944AC02F23CE0E9E009FD611 /* SimpleFlickrBrowserTests */ = {
			isa = PBXNativeTarget;
			buildConfigurationList = 944AC03C23CE0E9E009FD611 /* Build configuration list for PBXNativeTarget "SimpleFlickrBrowserTests" */;
			buildPhases = (
				944AC02C23CE0E9E009FD611 /* Sources */,
				944AC02D23CE0E9E009FD611 /* Frameworks */,
				944AC02E23CE0E9E009FD611 /* Resources */,
			);
			buildRules = (
			);
			dependencies = (
				944AC03223CE0E9E009FD611 /* PBXTargetDependency */,
			);
			name = SimpleFlickrBrowserTests;
			productName = SimpleFlickrBrowserTests;
			productReference = 944AC03023CE0E9E009FD611 /* SimpleFlickrBrowserTests.xctest */;
			productType = "com.apple.product-type.bundle.unit-test";
		};
/* End PBXNativeTarget section */

/* Begin PBXProject section */
		944AC01223CE0E9C009FD611 /* Project object */ = {
			isa = PBXProject;
			attributes = {
				LastSwiftUpdateCheck = 1130;
				LastUpgradeCheck = 1130;
				ORGANIZATIONNAME = rencevio;
				TargetAttributes = {
					944AC01923CE0E9C009FD611 = {
						CreatedOnToolsVersion = 11.3.1;
					};
					944AC02F23CE0E9E009FD611 = {
						CreatedOnToolsVersion = 11.3.1;
						TestTargetID = 944AC01923CE0E9C009FD611;
					};
				};
			};
			buildConfigurationList = 944AC01523CE0E9C009FD611 /* Build configuration list for PBXProject "SimpleFlickrBrowser" */;
			compatibilityVersion = "Xcode 9.3";
			developmentRegion = en;
			hasScannedForEncodings = 0;
			knownRegions = (
				en,
				Base,
			);
			mainGroup = 944AC01123CE0E9C009FD611;
			productRefGroup = 944AC01B23CE0E9C009FD611 /* Products */;
			projectDirPath = "";
			projectRoot = "";
			targets = (
				944AC01923CE0E9C009FD611 /* SimpleFlickrBrowser */,
				944AC02F23CE0E9E009FD611 /* SimpleFlickrBrowserTests */,
			);
		};
/* End PBXProject section */

/* Begin PBXResourcesBuildPhase section */
		944AC01823CE0E9C009FD611 /* Resources */ = {
			isa = PBXResourcesBuildPhase;
			buildActionMask = 2147483647;
			files = (
				944AC02A23CE0E9E009FD611 /* LaunchScreen.storyboard in Resources */,
				944AC02723CE0E9E009FD611 /* Assets.xcassets in Resources */,
				944AC02523CE0E9C009FD611 /* Main.storyboard in Resources */,
			);
			runOnlyForDeploymentPostprocessing = 0;
		};
		944AC02E23CE0E9E009FD611 /* Resources */ = {
			isa = PBXResourcesBuildPhase;
			buildActionMask = 2147483647;
			files = (
			);
			runOnlyForDeploymentPostprocessing = 0;
		};
/* End PBXResourcesBuildPhase section */

/* Begin PBXSourcesBuildPhase section */
		944AC01623CE0E9C009FD611 /* Sources */ = {
			isa = PBXSourcesBuildPhase;
			buildActionMask = 2147483647;
			files = (
				944AC02223CE0E9C009FD611 /* ViewController.swift in Sources */,
				944AC01E23CE0E9C009FD611 /* AppDelegate.swift in Sources */,
				944AC02023CE0E9C009FD611 /* SceneDelegate.swift in Sources */,
			);
			runOnlyForDeploymentPostprocessing = 0;
		};
		944AC02C23CE0E9E009FD611 /* Sources */ = {
			isa = PBXSourcesBuildPhase;
			buildActionMask = 2147483647;
			files = (
				944AC03523CE0E9E009FD611 /* SimpleFlickrBrowserTests.swift in Sources */,
			);
			runOnlyForDeploymentPostprocessing = 0;
		};
/* End PBXSourcesBuildPhase section */

/* Begin PBXTargetDependency section */
		944AC03223CE0E9E009FD611 /* PBXTargetDependency */ = {
			isa = PBXTargetDependency;
			target = 944AC01923CE0E9C009FD611 /* SimpleFlickrBrowser */;
			targetProxy = 944AC03123CE0E9E009FD611 /* PBXContainerItemProxy */;
		};
/* End PBXTargetDependency section */

/* Begin PBXVariantGroup section */
		944AC02323CE0E9C009FD611 /* Main.storyboard */ = {
			isa = PBXVariantGroup;
			children = (
				944AC02423CE0E9C009FD611 /* Base */,
			);
			name = Main.storyboard;
			sourceTree = "<group>";
		};
		944AC02823CE0E9E009FD611 /* LaunchScreen.storyboard */ = {
			isa = PBXVariantGroup;
			children = (
				944AC02923CE0E9E009FD611 /* Base */,
			);
			name = LaunchScreen.storyboard;
			sourceTree = "<group>";
		};
/* End PBXVariantGroup section */

/* Begin XCBuildConfiguration section */
		944AC03723CE0E9E009FD611 /* Debug */ = {
			isa = XCBuildConfiguration;
			buildSettings = {
				ALWAYS_SEARCH_USER_PATHS = NO;
				CLANG_ANALYZER_NONNULL = YES;
				CLANG_ANALYZER_NUMBER_OBJECT_CONVERSION = YES_AGGRESSIVE;
				CLANG_CXX_LANGUAGE_STANDARD = "gnu++14";
				CLANG_CXX_LIBRARY = "libc++";
				CLANG_ENABLE_MODULES = YES;
				CLANG_ENABLE_OBJC_ARC = YES;
				CLANG_ENABLE_OBJC_WEAK = YES;
				CLANG_WARN_BLOCK_CAPTURE_AUTORELEASING = YES;
				CLANG_WARN_BOOL_CONVERSION = YES;
				CLANG_WARN_COMMA = YES;
				CLANG_WARN_CONSTANT_CONVERSION = YES;
				CLANG_WARN_DEPRECATED_OBJC_IMPLEMENTATIONS = YES;
				CLANG_WARN_DIRECT_OBJC_ISA_USAGE = YES_ERROR;
				CLANG_WARN_DOCUMENTATION_COMMENTS = YES;
				CLANG_WARN_EMPTY_BODY = YES;
				CLANG_WARN_ENUM_CONVERSION = YES;
				CLANG_WARN_INFINITE_RECURSION = YES;
				CLANG_WARN_INT_CONVERSION = YES;
				CLANG_WARN_NON_LITERAL_NULL_CONVERSION = YES;
				CLANG_WARN_OBJC_IMPLICIT_RETAIN_SELF = YES;
				CLANG_WARN_OBJC_LITERAL_CONVERSION = YES;
				CLANG_WARN_OBJC_ROOT_CLASS = YES_ERROR;
				CLANG_WARN_RANGE_LOOP_ANALYSIS = YES;
				CLANG_WARN_STRICT_PROTOTYPES = YES;
				CLANG_WARN_SUSPICIOUS_MOVE = YES;
				CLANG_WARN_UNGUARDED_AVAILABILITY = YES_AGGRESSIVE;
				CLANG_WARN_UNREACHABLE_CODE = YES;
				CLANG_WARN__DUPLICATE_METHOD_MATCH = YES;
				COPY_PHASE_STRIP = NO;
				DEBUG_INFORMATION_FORMAT = dwarf;
				ENABLE_STRICT_OBJC_MSGSEND = YES;
				ENABLE_TESTABILITY = YES;
				GCC_C_LANGUAGE_STANDARD = gnu11;
				GCC_DYNAMIC_NO_PIC = NO;
				GCC_NO_COMMON_BLOCKS = YES;
				GCC_OPTIMIZATION_LEVEL = 0;
				GCC_PREPROCESSOR_DEFINITIONS = (
					"DEBUG=1",
					"$(inherited)",
				);
				GCC_WARN_64_TO_32_BIT_CONVERSION = YES;
				GCC_WARN_ABOUT_RETURN_TYPE = YES_ERROR;
				GCC_WARN_UNDECLARED_SELECTOR = YES;
				GCC_WARN_UNINITIALIZED_AUTOS = YES_AGGRESSIVE;
				GCC_WARN_UNUSED_FUNCTION = YES;
				GCC_WARN_UNUSED_VARIABLE = YES;
				IPHONEOS_DEPLOYMENT_TARGET = 13.2;
				MTL_ENABLE_DEBUG_INFO = INCLUDE_SOURCE;
				MTL_FAST_MATH = YES;
				ONLY_ACTIVE_ARCH = YES;
				SDKROOT = iphoneos;
				SWIFT_ACTIVE_COMPILATION_CONDITIONS = DEBUG;
				SWIFT_OPTIMIZATION_LEVEL = "-Onone";
			};
			name = Debug;
		};
		944AC03823CE0E9E009FD611 /* Release */ = {
			isa = XCBuildConfiguration;
			buildSettings = {
				ALWAYS_SEARCH_USER_PATHS = NO;
				CLANG_ANALYZER_NONNULL = YES;
				CLANG_ANALYZER_NUMBER_OBJECT_CONVERSION = YES_AGGRESSIVE;
				CLANG_CXX_LANGUAGE_STANDARD = "gnu++14";
				CLANG_CXX_LIBRARY = "libc++";
				CLANG_ENABLE_MODULES = YES;
				CLANG_ENABLE_OBJC_ARC = YES;
				CLANG_ENABLE_OBJC_WEAK = YES;
				CLANG_WARN_BLOCK_CAPTURE_AUTORELEASING = YES;
				CLANG_WARN_BOOL_CONVERSION = YES;
				CLANG_WARN_COMMA = YES;
				CLANG_WARN_CONSTANT_CONVERSION = YES;
				CLANG_WARN_DEPRECATED_OBJC_IMPLEMENTATIONS = YES;
				CLANG_WARN_DIRECT_OBJC_ISA_USAGE = YES_ERROR;
				CLANG_WARN_DOCUMENTATION_COMMENTS = YES;
				CLANG_WARN_EMPTY_BODY = YES;
				CLANG_WARN_ENUM_CONVERSION = YES;
				CLANG_WARN_INFINITE_RECURSION = YES;
				CLANG_WARN_INT_CONVERSION = YES;
				CLANG_WARN_NON_LITERAL_NULL_CONVERSION = YES;
				CLANG_WARN_OBJC_IMPLICIT_RETAIN_SELF = YES;
				CLANG_WARN_OBJC_LITERAL_CONVERSION = YES;
				CLANG_WARN_OBJC_ROOT_CLASS = YES_ERROR;
				CLANG_WARN_RANGE_LOOP_ANALYSIS = YES;
				CLANG_WARN_STRICT_PROTOTYPES = YES;
				CLANG_WARN_SUSPICIOUS_MOVE = YES;
				CLANG_WARN_UNGUARDED_AVAILABILITY = YES_AGGRESSIVE;
				CLANG_WARN_UNREACHABLE_CODE = YES;
				CLANG_WARN__DUPLICATE_METHOD_MATCH = YES;
				COPY_PHASE_STRIP = NO;
				DEBUG_INFORMATION_FORMAT = "dwarf-with-dsym";
				ENABLE_NS_ASSERTIONS = NO;
				ENABLE_STRICT_OBJC_MSGSEND = YES;
				GCC_C_LANGUAGE_STANDARD = gnu11;
				GCC_NO_COMMON_BLOCKS = YES;
				GCC_WARN_64_TO_32_BIT_CONVERSION = YES;
				GCC_WARN_ABOUT_RETURN_TYPE = YES_ERROR;
				GCC_WARN_UNDECLARED_SELECTOR = YES;
				GCC_WARN_UNINITIALIZED_AUTOS = YES_AGGRESSIVE;
				GCC_WARN_UNUSED_FUNCTION = YES;
				GCC_WARN_UNUSED_VARIABLE = YES;
				IPHONEOS_DEPLOYMENT_TARGET = 13.2;
				MTL_ENABLE_DEBUG_INFO = NO;
				MTL_FAST_MATH = YES;
				SDKROOT = iphoneos;
				SWIFT_COMPILATION_MODE = wholemodule;
				SWIFT_OPTIMIZATION_LEVEL = "-O";
				VALIDATE_PRODUCT = YES;
			};
			name = Release;
		};
		944AC03A23CE0E9E009FD611 /* Debug */ = {
			isa = XCBuildConfiguration;
			buildSettings = {
				ASSETCATALOG_COMPILER_APPICON_NAME = AppIcon;
				CODE_SIGN_STYLE = Automatic;
				DEVELOPMENT_TEAM = 9457UBK9S3;
				INFOPLIST_FILE = SimpleFlickrBrowser/Info.plist;
				LD_RUNPATH_SEARCH_PATHS = (
					"$(inherited)",
					"@executable_path/Frameworks",
				);
				PRODUCT_BUNDLE_IDENTIFIER = com.SimpleFlickrBrowser;
				PRODUCT_NAME = "$(TARGET_NAME)";
				SWIFT_VERSION = 5.0;
				TARGETED_DEVICE_FAMILY = "1,2";
			};
			name = Debug;
		};
		944AC03B23CE0E9E009FD611 /* Release */ = {
			isa = XCBuildConfiguration;
			buildSettings = {
				ASSETCATALOG_COMPILER_APPICON_NAME = AppIcon;
				CODE_SIGN_STYLE = Automatic;
				DEVELOPMENT_TEAM = 9457UBK9S3;
				INFOPLIST_FILE = SimpleFlickrBrowser/Info.plist;
				LD_RUNPATH_SEARCH_PATHS = (
					"$(inherited)",
					"@executable_path/Frameworks",
				);
				PRODUCT_BUNDLE_IDENTIFIER = com.SimpleFlickrBrowser;
				PRODUCT_NAME = "$(TARGET_NAME)";
				SWIFT_VERSION = 5.0;
				TARGETED_DEVICE_FAMILY = "1,2";
			};
			name = Release;
		};
		944AC03D23CE0E9E009FD611 /* Debug */ = {
			isa = XCBuildConfiguration;
			buildSettings = {
				ALWAYS_EMBED_SWIFT_STANDARD_LIBRARIES = YES;
				BUNDLE_LOADER = "$(TEST_HOST)";
				CODE_SIGN_STYLE = Automatic;
				DEVELOPMENT_TEAM = 9457UBK9S3;
				INFOPLIST_FILE = SimpleFlickrBrowserTests/Info.plist;
				IPHONEOS_DEPLOYMENT_TARGET = 13.2;
				LD_RUNPATH_SEARCH_PATHS = (
					"$(inherited)",
					"@executable_path/Frameworks",
					"@loader_path/Frameworks",
				);
				PRODUCT_BUNDLE_IDENTIFIER = com.SimpleFlickrBrowserTests;
				PRODUCT_NAME = "$(TARGET_NAME)";
				SWIFT_VERSION = 5.0;
				TARGETED_DEVICE_FAMILY = "1,2";
				TEST_HOST = "$(BUILT_PRODUCTS_DIR)/SimpleFlickrBrowser.app/SimpleFlickrBrowser";
			};
			name = Debug;
		};
		944AC03E23CE0E9E009FD611 /* Release */ = {
			isa = XCBuildConfiguration;
			buildSettings = {
				ALWAYS_EMBED_SWIFT_STANDARD_LIBRARIES = YES;
				BUNDLE_LOADER = "$(TEST_HOST)";
				CODE_SIGN_STYLE = Automatic;
				DEVELOPMENT_TEAM = 9457UBK9S3;
				INFOPLIST_FILE = SimpleFlickrBrowserTests/Info.plist;
				IPHONEOS_DEPLOYMENT_TARGET = 13.2;
				LD_RUNPATH_SEARCH_PATHS = (
					"$(inherited)",
					"@executable_path/Frameworks",
					"@loader_path/Frameworks",
				);
				PRODUCT_BUNDLE_IDENTIFIER = com.SimpleFlickrBrowserTests;
				PRODUCT_NAME = "$(TARGET_NAME)";
				SWIFT_VERSION = 5.0;
				TARGETED_DEVICE_FAMILY = "1,2";
				TEST_HOST = "$(BUILT_PRODUCTS_DIR)/SimpleFlickrBrowser.app/SimpleFlickrBrowser";
			};
			name = Release;
		};
/* End XCBuildConfiguration section */

/* Begin XCConfigurationList section */
		944AC01523CE0E9C009FD611 /* Build configuration list for PBXProject "SimpleFlickrBrowser" */ = {
			isa = XCConfigurationList;
			buildConfigurations = (
				944AC03723CE0E9E009FD611 /* Debug */,
				944AC03823CE0E9E009FD611 /* Release */,
			);
			defaultConfigurationIsVisible = 0;
			defaultConfigurationName = Release;
		};
		944AC03923CE0E9E009FD611 /* Build configuration list for PBXNativeTarget "SimpleFlickrBrowser" */ = {
			isa = XCConfigurationList;
			buildConfigurations = (
				944AC03A23CE0E9E009FD611 /* Debug */,
				944AC03B23CE0E9E009FD611 /* Release */,
			);
			defaultConfigurationIsVisible = 0;
			defaultConfigurationName = Release;
		};
		944AC03C23CE0E9E009FD611 /* Build configuration list for PBXNativeTarget "SimpleFlickrBrowserTests" */ = {
			isa = XCConfigurationList;
			buildConfigurations = (
				944AC03D23CE0E9E009FD611 /* Debug */,
				944AC03E23CE0E9E009FD611 /* Release */,
			);
			defaultConfigurationIsVisible = 0;
			defaultConfigurationName = Release;
		};
/* End XCConfigurationList section */
	};
	rootObject = 944AC01223CE0E9C009FD611 /* Project object */;
}
