// !$*UTF8*$!
{
	archiveVersion = 1;
	classes = {
	};
	objectVersion = 50;
	objects = {

/* Begin PBXBuildFile section */
		62DE9072B9CEDE9C92CBF7AF /* BrowserPresenter.swift in Sources */ = {isa = PBXBuildFile; fileRef = 62DE98FFE252C3D837867816 /* BrowserPresenter.swift */; };
		62DE90A60057F36A04993DE3 /* BrowserCellFactory.swift in Sources */ = {isa = PBXBuildFile; fileRef = 62DE92C6C8EA6BC8A24E8EBC /* BrowserCellFactory.swift */; };
		62DE90B3B714B21C13925831 /* BrowserCellConfigurator.swift in Sources */ = {isa = PBXBuildFile; fileRef = 62DE9B272F1AC1988F71AF6E /* BrowserCellConfigurator.swift */; };
		62DE90E73B9BFCA4A54B76C2 /* MockPhotoDataRetriever.swift in Sources */ = {isa = PBXBuildFile; fileRef = 62DE96B5EBB14213DC9E7804 /* MockPhotoDataRetriever.swift */; };
		62DE90F40E919CCFF876D1A6 /* MockFlickrPhotoService.swift in Sources */ = {isa = PBXBuildFile; fileRef = 62DE9225FFEBB4968F60A987 /* MockFlickrPhotoService.swift */; };
		62DE911E1EB4D78BCA9085CB /* FlickrCollectionFetcherTests.swift in Sources */ = {isa = PBXBuildFile; fileRef = 62DE9A2EBADCA5EE9059C3DD /* FlickrCollectionFetcherTests.swift */; };
		62DE91E5B84C14466618EAC1 /* ConfigurableBrowserCell.swift in Sources */ = {isa = PBXBuildFile; fileRef = 62DE91396D5EDB77544792D3 /* ConfigurableBrowserCell.swift */; };
		62DE91F96D06BDB6AE8D40A1 /* XCTestCase+QueueAwait.swift in Sources */ = {isa = PBXBuildFile; fileRef = 62DE924CEDF37B8D5BC86D48 /* XCTestCase+QueueAwait.swift */; };
		62DE927526937FB6BEDCE8BC /* MockBrowserCellPresenter.swift in Sources */ = {isa = PBXBuildFile; fileRef = 62DE9B3E9AAA8D0661DEEFFE /* MockBrowserCellPresenter.swift */; };
		62DE92A1A0D21DCC9FC97F7E /* NetworkPhotoDataRetriever.swift in Sources */ = {isa = PBXBuildFile; fileRef = 62DE9868FFC49BF89E9F9192 /* NetworkPhotoDataRetriever.swift */; };
		62DE92DECC87D7DACFB69CC9 /* PhotoDataRetrieving.swift in Sources */ = {isa = PBXBuildFile; fileRef = 62DE99F1F322B9F470256B1E /* PhotoDataRetrieving.swift */; };
		62DE93261A41C5DDC9BACDB0 /* MockPhotoDataCache.swift in Sources */ = {isa = PBXBuildFile; fileRef = 62DE91C1A5EBF975C64A37B3 /* MockPhotoDataCache.swift */; };
		62DE9387D309D2DD3F2AC102 /* BrowserPresenterTests.swift in Sources */ = {isa = PBXBuildFile; fileRef = 62DE915A672C1C41DCCF9C8D /* BrowserPresenterTests.swift */; };
		62DE93E9065F0528B8577C0E /* BrowserCellInteractorTests.swift in Sources */ = {isa = PBXBuildFile; fileRef = 62DE93A95BC1DB3D74EC66D8 /* BrowserCellInteractorTests.swift */; };
		62DE9427597853C3B0A5E661 /* BrowserCellModels.swift in Sources */ = {isa = PBXBuildFile; fileRef = 62DE969E8F3F30D004171974 /* BrowserCellModels.swift */; };
		62DE944EF838C8C313469CCB /* MockPhotoDataProvider.swift in Sources */ = {isa = PBXBuildFile; fileRef = 62DE92EE74C81312D3DB90B0 /* MockPhotoDataProvider.swift */; };
		62DE9452E6FC1D01DD8976DA /* BrowserFactory.swift in Sources */ = {isa = PBXBuildFile; fileRef = 62DE9CC652A43A976EDE4FF6 /* BrowserFactory.swift */; };
		62DE946CFE4B0C1C5B9E1324 /* MockBrowserDisplaying.swift in Sources */ = {isa = PBXBuildFile; fileRef = 62DE9810EDB0220E74893A89 /* MockBrowserDisplaying.swift */; };
		62DE959CA829F11A51767E30 /* FlickrCollectionFetcherFactory.swift in Sources */ = {isa = PBXBuildFile; fileRef = 62DE9B8BC72A4AB8A5A34B65 /* FlickrCollectionFetcherFactory.swift */; };
		62DE95BAA18D1A52C35EF040 /* FlickrPhotos.swift in Sources */ = {isa = PBXBuildFile; fileRef = 62DE96CE6B44327361D73D24 /* FlickrPhotos.swift */; };
		62DE966944A50351E4087F92 /* FlickrPhotosService.swift in Sources */ = {isa = PBXBuildFile; fileRef = 62DE954BE0BFF3D2EE91DE12 /* FlickrPhotosService.swift */; };
		62DE971066062BAA9D8C9AE4 /* FlickrPhotoURLResolver.swift in Sources */ = {isa = PBXBuildFile; fileRef = 62DE986497C5FB223DA10256 /* FlickrPhotoURLResolver.swift */; };
		62DE97140AE23BE5CD384EF0 /* MockHttpClient.swift in Sources */ = {isa = PBXBuildFile; fileRef = 62DE9E19BC1900DC8648FD5E /* MockHttpClient.swift */; };
		62DE971FF8AB9DC74BA9B87C /* FlickrApiValues.swift in Sources */ = {isa = PBXBuildFile; fileRef = 62DE987D3B885CA1A25FB693 /* FlickrApiValues.swift */; };
		62DE97B6EC739349BC9A6D2F /* FlickrPhotoServiceTests.swift in Sources */ = {isa = PBXBuildFile; fileRef = 62DE97953D19EE0C13151316 /* FlickrPhotoServiceTests.swift */; };
		62DE97CDCFCD2718C1BBC1E8 /* PhotoCollectionFetcherFactory.swift in Sources */ = {isa = PBXBuildFile; fileRef = 62DE9A0F5F5E76B6AFE7159B /* PhotoCollectionFetcherFactory.swift */; };
		62DE983EF92FD18305C80488 /* BrowserCellInteractor.swift in Sources */ = {isa = PBXBuildFile; fileRef = 62DE997B53C61FE26593A99A /* BrowserCellInteractor.swift */; };
		62DE9866170F4BCE2B93E2E0 /* MockBrowserPresenter.swift in Sources */ = {isa = PBXBuildFile; fileRef = 62DE944604E007DD383ABDE1 /* MockBrowserPresenter.swift */; };
		62DE98D6E300CD17DD7D23A3 /* BrowserCellView.swift in Sources */ = {isa = PBXBuildFile; fileRef = 62DE9648DCA09C364860E8BB /* BrowserCellView.swift */; };
		62DE9921C1443189F640771E /* PhotoDataProviderTests.swift in Sources */ = {isa = PBXBuildFile; fileRef = 62DE9C85502219A9858DCF22 /* PhotoDataProviderTests.swift */; };
		62DE9927B234F05FAB311B8D /* RootDependencies.swift in Sources */ = {isa = PBXBuildFile; fileRef = 62DE94A9AA78F83D54078368 /* RootDependencies.swift */; };
		62DE9934B5A84CB2A3736360 /* MockPhotoCollectionFetcher.swift in Sources */ = {isa = PBXBuildFile; fileRef = 62DE9001FE62BE27C3D938B3 /* MockPhotoCollectionFetcher.swift */; };
		62DE9A8C69E9E0A200181E5C /* FlickrApiURLBuilder.swift in Sources */ = {isa = PBXBuildFile; fileRef = 62DE9D790ECF920DF2C9802B /* FlickrApiURLBuilder.swift */; };
		62DE9A9250BD0AC541234841 /* PhotoDataProviderFactory.swift in Sources */ = {isa = PBXBuildFile; fileRef = 62DE99EC2B14DB9F0C554529 /* PhotoDataProviderFactory.swift */; };
		62DE9B36C2A72575C7802A24 /* BrowserInteractor.swift in Sources */ = {isa = PBXBuildFile; fileRef = 62DE9E2159757D6020248C32 /* BrowserInteractor.swift */; };
		62DE9B6C8EDB44A25EEE77A0 /* BrowserViewController.swift in Sources */ = {isa = PBXBuildFile; fileRef = 62DE900EADCC52560B246392 /* BrowserViewController.swift */; };
		62DE9C2CEA5B44E24BB2D6F5 /* PhotoCollectionFetching.swift in Sources */ = {isa = PBXBuildFile; fileRef = 62DE90B754DC827D73A31B9E /* PhotoCollectionFetching.swift */; };
		62DE9C8EC1EBD9B055EF5388 /* BrowserViewDataSource.swift in Sources */ = {isa = PBXBuildFile; fileRef = 62DE9817F61216E36044EA42 /* BrowserViewDataSource.swift */; };
		62DE9CBE1FB6013A700EB635 /* BrowserCellPresenter.swift in Sources */ = {isa = PBXBuildFile; fileRef = 62DE9591CAA01E3F3C91A977 /* BrowserCellPresenter.swift */; };
		62DE9CE6366FD6ECE740C55C /* FlickrCollectionFetcher.swift in Sources */ = {isa = PBXBuildFile; fileRef = 62DE9C90249CCE2FAF835CF5 /* FlickrCollectionFetcher.swift */; };
		62DE9E63C0B530594A5B150B /* Style.swift in Sources */ = {isa = PBXBuildFile; fileRef = 62DE9C8D791DA5418ED32FCF /* Style.swift */; };
		62DE9EBE33EDC3D97D929FF2 /* Photo.swift in Sources */ = {isa = PBXBuildFile; fileRef = 62DE970A3FD09743A03DAF33 /* Photo.swift */; };
		62DE9EC2FE48A5A204531EEA /* HttpClient.swift in Sources */ = {isa = PBXBuildFile; fileRef = 62DE93C78893DAA0E46DBD6A /* HttpClient.swift */; };
		62DE9F2E46CDDC60B4A5DEAE /* BrowserModels.swift in Sources */ = {isa = PBXBuildFile; fileRef = 62DE9E652D625ECC302D66F9 /* BrowserModels.swift */; };
		62DE9F5B37C5FE4BED753FB2 /* PhotoDataNSCache.swift in Sources */ = {isa = PBXBuildFile; fileRef = 62DE9805D6D4DBDDBAD078E2 /* PhotoDataNSCache.swift */; };
		62DE9F69E85302202E6884B3 /* PhotoDataProvider.swift in Sources */ = {isa = PBXBuildFile; fileRef = 62DE9FF6B55060E5204AC907 /* PhotoDataProvider.swift */; };
		62DE9FA335C6F1E04D690818 /* BrowserInteractorTests.swift in Sources */ = {isa = PBXBuildFile; fileRef = 62DE9EA9D6ACC68E32F8A681 /* BrowserInteractorTests.swift */; };
		62DE9FDF59C5BAB0F8D43494 /* PhotoDataCaching.swift in Sources */ = {isa = PBXBuildFile; fileRef = 62DE9B49CABD228CCFBCE936 /* PhotoDataCaching.swift */; };
		944AC01E23CE0E9C009FD611 /* AppDelegate.swift in Sources */ = {isa = PBXBuildFile; fileRef = 944AC01D23CE0E9C009FD611 /* AppDelegate.swift */; };
		944AC02723CE0E9E009FD611 /* Assets.xcassets in Resources */ = {isa = PBXBuildFile; fileRef = 944AC02623CE0E9E009FD611 /* Assets.xcassets */; };
		944AC02A23CE0E9E009FD611 /* LaunchScreen.storyboard in Resources */ = {isa = PBXBuildFile; fileRef = 944AC02823CE0E9E009FD611 /* LaunchScreen.storyboard */; };
		944AC04423CFA5CC009FD611 /* FlickrApiKey.swift in Sources */ = {isa = PBXBuildFile; fileRef = 944AC04323CFA5CC009FD611 /* FlickrApiKey.swift */; };
/* End PBXBuildFile section */

/* Begin PBXContainerItemProxy section */
		944AC03123CE0E9E009FD611 /* PBXContainerItemProxy */ = {
			isa = PBXContainerItemProxy;
			containerPortal = 944AC01223CE0E9C009FD611 /* Project object */;
			proxyType = 1;
			remoteGlobalIDString = 944AC01923CE0E9C009FD611;
			remoteInfo = SimpleFlickrBrowser;
		};
/* End PBXContainerItemProxy section */

/* Begin PBXFileReference section */
		62DE9001FE62BE27C3D938B3 /* MockPhotoCollectionFetcher.swift */ = {isa = PBXFileReference; fileEncoding = 4; lastKnownFileType = sourcecode.swift; path = MockPhotoCollectionFetcher.swift; sourceTree = "<group>"; };
		62DE900EADCC52560B246392 /* BrowserViewController.swift */ = {isa = PBXFileReference; fileEncoding = 4; lastKnownFileType = sourcecode.swift; path = BrowserViewController.swift; sourceTree = "<group>"; };
		62DE90B754DC827D73A31B9E /* PhotoCollectionFetching.swift */ = {isa = PBXFileReference; fileEncoding = 4; lastKnownFileType = sourcecode.swift; path = PhotoCollectionFetching.swift; sourceTree = "<group>"; };
		62DE91396D5EDB77544792D3 /* ConfigurableBrowserCell.swift */ = {isa = PBXFileReference; fileEncoding = 4; lastKnownFileType = sourcecode.swift; path = ConfigurableBrowserCell.swift; sourceTree = "<group>"; };
		62DE915A672C1C41DCCF9C8D /* BrowserPresenterTests.swift */ = {isa = PBXFileReference; fileEncoding = 4; lastKnownFileType = sourcecode.swift; path = BrowserPresenterTests.swift; sourceTree = "<group>"; };
		62DE91C1A5EBF975C64A37B3 /* MockPhotoDataCache.swift */ = {isa = PBXFileReference; fileEncoding = 4; lastKnownFileType = sourcecode.swift; path = MockPhotoDataCache.swift; sourceTree = "<group>"; };
		62DE9225FFEBB4968F60A987 /* MockFlickrPhotoService.swift */ = {isa = PBXFileReference; fileEncoding = 4; lastKnownFileType = sourcecode.swift; path = MockFlickrPhotoService.swift; sourceTree = "<group>"; };
		62DE924CEDF37B8D5BC86D48 /* XCTestCase+QueueAwait.swift */ = {isa = PBXFileReference; fileEncoding = 4; lastKnownFileType = sourcecode.swift; path = "XCTestCase+QueueAwait.swift"; sourceTree = "<group>"; };
		62DE92C6C8EA6BC8A24E8EBC /* BrowserCellFactory.swift */ = {isa = PBXFileReference; fileEncoding = 4; lastKnownFileType = sourcecode.swift; path = BrowserCellFactory.swift; sourceTree = "<group>"; };
		62DE92EE74C81312D3DB90B0 /* MockPhotoDataProvider.swift */ = {isa = PBXFileReference; fileEncoding = 4; lastKnownFileType = sourcecode.swift; path = MockPhotoDataProvider.swift; sourceTree = "<group>"; };
		62DE93A95BC1DB3D74EC66D8 /* BrowserCellInteractorTests.swift */ = {isa = PBXFileReference; fileEncoding = 4; lastKnownFileType = sourcecode.swift; path = BrowserCellInteractorTests.swift; sourceTree = "<group>"; };
		62DE93C78893DAA0E46DBD6A /* HttpClient.swift */ = {isa = PBXFileReference; fileEncoding = 4; lastKnownFileType = sourcecode.swift; path = HttpClient.swift; sourceTree = "<group>"; };
		62DE944604E007DD383ABDE1 /* MockBrowserPresenter.swift */ = {isa = PBXFileReference; fileEncoding = 4; lastKnownFileType = sourcecode.swift; path = MockBrowserPresenter.swift; sourceTree = "<group>"; };
		62DE94A9AA78F83D54078368 /* RootDependencies.swift */ = {isa = PBXFileReference; fileEncoding = 4; lastKnownFileType = sourcecode.swift; path = RootDependencies.swift; sourceTree = "<group>"; };
		62DE954BE0BFF3D2EE91DE12 /* FlickrPhotosService.swift */ = {isa = PBXFileReference; fileEncoding = 4; lastKnownFileType = sourcecode.swift; path = FlickrPhotosService.swift; sourceTree = "<group>"; };
		62DE9591CAA01E3F3C91A977 /* BrowserCellPresenter.swift */ = {isa = PBXFileReference; fileEncoding = 4; lastKnownFileType = sourcecode.swift; path = BrowserCellPresenter.swift; sourceTree = "<group>"; };
		62DE9648DCA09C364860E8BB /* BrowserCellView.swift */ = {isa = PBXFileReference; fileEncoding = 4; lastKnownFileType = sourcecode.swift; path = BrowserCellView.swift; sourceTree = "<group>"; };
		62DE969E8F3F30D004171974 /* BrowserCellModels.swift */ = {isa = PBXFileReference; fileEncoding = 4; lastKnownFileType = sourcecode.swift; path = BrowserCellModels.swift; sourceTree = "<group>"; };
		62DE96B5EBB14213DC9E7804 /* MockPhotoDataRetriever.swift */ = {isa = PBXFileReference; fileEncoding = 4; lastKnownFileType = sourcecode.swift; path = MockPhotoDataRetriever.swift; sourceTree = "<group>"; };
		62DE96CE6B44327361D73D24 /* FlickrPhotos.swift */ = {isa = PBXFileReference; fileEncoding = 4; lastKnownFileType = sourcecode.swift; path = FlickrPhotos.swift; sourceTree = "<group>"; };
		62DE970A3FD09743A03DAF33 /* Photo.swift */ = {isa = PBXFileReference; fileEncoding = 4; lastKnownFileType = sourcecode.swift; path = Photo.swift; sourceTree = "<group>"; };
		62DE97953D19EE0C13151316 /* FlickrPhotoServiceTests.swift */ = {isa = PBXFileReference; fileEncoding = 4; lastKnownFileType = sourcecode.swift; path = FlickrPhotoServiceTests.swift; sourceTree = "<group>"; };
		62DE9805D6D4DBDDBAD078E2 /* PhotoDataNSCache.swift */ = {isa = PBXFileReference; fileEncoding = 4; lastKnownFileType = sourcecode.swift; path = PhotoDataNSCache.swift; sourceTree = "<group>"; };
		62DE9810EDB0220E74893A89 /* MockBrowserDisplaying.swift */ = {isa = PBXFileReference; fileEncoding = 4; lastKnownFileType = sourcecode.swift; path = MockBrowserDisplaying.swift; sourceTree = "<group>"; };
		62DE9817F61216E36044EA42 /* BrowserViewDataSource.swift */ = {isa = PBXFileReference; fileEncoding = 4; lastKnownFileType = sourcecode.swift; path = BrowserViewDataSource.swift; sourceTree = "<group>"; };
		62DE986497C5FB223DA10256 /* FlickrPhotoURLResolver.swift */ = {isa = PBXFileReference; fileEncoding = 4; lastKnownFileType = sourcecode.swift; path = FlickrPhotoURLResolver.swift; sourceTree = "<group>"; };
		62DE9868FFC49BF89E9F9192 /* NetworkPhotoDataRetriever.swift */ = {isa = PBXFileReference; fileEncoding = 4; lastKnownFileType = sourcecode.swift; path = NetworkPhotoDataRetriever.swift; sourceTree = "<group>"; };
		62DE987D3B885CA1A25FB693 /* FlickrApiValues.swift */ = {isa = PBXFileReference; fileEncoding = 4; lastKnownFileType = sourcecode.swift; path = FlickrApiValues.swift; sourceTree = "<group>"; };
		62DE98FFE252C3D837867816 /* BrowserPresenter.swift */ = {isa = PBXFileReference; fileEncoding = 4; lastKnownFileType = sourcecode.swift; path = BrowserPresenter.swift; sourceTree = "<group>"; };
		62DE997B53C61FE26593A99A /* BrowserCellInteractor.swift */ = {isa = PBXFileReference; fileEncoding = 4; lastKnownFileType = sourcecode.swift; path = BrowserCellInteractor.swift; sourceTree = "<group>"; };
		62DE99EC2B14DB9F0C554529 /* PhotoDataProviderFactory.swift */ = {isa = PBXFileReference; fileEncoding = 4; lastKnownFileType = sourcecode.swift; path = PhotoDataProviderFactory.swift; sourceTree = "<group>"; };
		62DE99F1F322B9F470256B1E /* PhotoDataRetrieving.swift */ = {isa = PBXFileReference; fileEncoding = 4; lastKnownFileType = sourcecode.swift; path = PhotoDataRetrieving.swift; sourceTree = "<group>"; };
		62DE9A0F5F5E76B6AFE7159B /* PhotoCollectionFetcherFactory.swift */ = {isa = PBXFileReference; fileEncoding = 4; lastKnownFileType = sourcecode.swift; path = PhotoCollectionFetcherFactory.swift; sourceTree = "<group>"; };
		62DE9A2EBADCA5EE9059C3DD /* FlickrCollectionFetcherTests.swift */ = {isa = PBXFileReference; fileEncoding = 4; lastKnownFileType = sourcecode.swift; path = FlickrCollectionFetcherTests.swift; sourceTree = "<group>"; };
		62DE9B272F1AC1988F71AF6E /* BrowserCellConfigurator.swift */ = {isa = PBXFileReference; fileEncoding = 4; lastKnownFileType = sourcecode.swift; path = BrowserCellConfigurator.swift; sourceTree = "<group>"; };
		62DE9B3E9AAA8D0661DEEFFE /* MockBrowserCellPresenter.swift */ = {isa = PBXFileReference; fileEncoding = 4; lastKnownFileType = sourcecode.swift; path = MockBrowserCellPresenter.swift; sourceTree = "<group>"; };
		62DE9B49CABD228CCFBCE936 /* PhotoDataCaching.swift */ = {isa = PBXFileReference; fileEncoding = 4; lastKnownFileType = sourcecode.swift; path = PhotoDataCaching.swift; sourceTree = "<group>"; };
		62DE9B8BC72A4AB8A5A34B65 /* FlickrCollectionFetcherFactory.swift */ = {isa = PBXFileReference; fileEncoding = 4; lastKnownFileType = sourcecode.swift; path = FlickrCollectionFetcherFactory.swift; sourceTree = "<group>"; };
		62DE9C85502219A9858DCF22 /* PhotoDataProviderTests.swift */ = {isa = PBXFileReference; fileEncoding = 4; lastKnownFileType = sourcecode.swift; path = PhotoDataProviderTests.swift; sourceTree = "<group>"; };
		62DE9C8D791DA5418ED32FCF /* Style.swift */ = {isa = PBXFileReference; fileEncoding = 4; lastKnownFileType = sourcecode.swift; path = Style.swift; sourceTree = "<group>"; };
		62DE9C90249CCE2FAF835CF5 /* FlickrCollectionFetcher.swift */ = {isa = PBXFileReference; fileEncoding = 4; lastKnownFileType = sourcecode.swift; path = FlickrCollectionFetcher.swift; sourceTree = "<group>"; };
		62DE9CC652A43A976EDE4FF6 /* BrowserFactory.swift */ = {isa = PBXFileReference; fileEncoding = 4; lastKnownFileType = sourcecode.swift; path = BrowserFactory.swift; sourceTree = "<group>"; };
		62DE9D790ECF920DF2C9802B /* FlickrApiURLBuilder.swift */ = {isa = PBXFileReference; fileEncoding = 4; lastKnownFileType = sourcecode.swift; path = FlickrApiURLBuilder.swift; sourceTree = "<group>"; };
		62DE9E19BC1900DC8648FD5E /* MockHttpClient.swift */ = {isa = PBXFileReference; fileEncoding = 4; lastKnownFileType = sourcecode.swift; path = MockHttpClient.swift; sourceTree = "<group>"; };
		62DE9E2159757D6020248C32 /* BrowserInteractor.swift */ = {isa = PBXFileReference; fileEncoding = 4; lastKnownFileType = sourcecode.swift; path = BrowserInteractor.swift; sourceTree = "<group>"; };
		62DE9E652D625ECC302D66F9 /* BrowserModels.swift */ = {isa = PBXFileReference; fileEncoding = 4; lastKnownFileType = sourcecode.swift; path = BrowserModels.swift; sourceTree = "<group>"; };
		62DE9EA9D6ACC68E32F8A681 /* BrowserInteractorTests.swift */ = {isa = PBXFileReference; fileEncoding = 4; lastKnownFileType = sourcecode.swift; path = BrowserInteractorTests.swift; sourceTree = "<group>"; };
		62DE9FF6B55060E5204AC907 /* PhotoDataProvider.swift */ = {isa = PBXFileReference; fileEncoding = 4; lastKnownFileType = sourcecode.swift; path = PhotoDataProvider.swift; sourceTree = "<group>"; };
		944AC01A23CE0E9C009FD611 /* SimpleFlickrBrowser.app */ = {isa = PBXFileReference; explicitFileType = wrapper.application; includeInIndex = 0; path = SimpleFlickrBrowser.app; sourceTree = BUILT_PRODUCTS_DIR; };
		944AC01D23CE0E9C009FD611 /* AppDelegate.swift */ = {isa = PBXFileReference; lastKnownFileType = sourcecode.swift; path = AppDelegate.swift; sourceTree = "<group>"; };
		944AC02623CE0E9E009FD611 /* Assets.xcassets */ = {isa = PBXFileReference; lastKnownFileType = folder.assetcatalog; path = Assets.xcassets; sourceTree = "<group>"; };
		944AC02923CE0E9E009FD611 /* Base */ = {isa = PBXFileReference; lastKnownFileType = file.storyboard; name = Base; path = Base.lproj/LaunchScreen.storyboard; sourceTree = "<group>"; };
		944AC02B23CE0E9E009FD611 /* Info.plist */ = {isa = PBXFileReference; lastKnownFileType = text.plist.xml; path = Info.plist; sourceTree = "<group>"; };
		944AC03023CE0E9E009FD611 /* SimpleFlickrBrowserTests.xctest */ = {isa = PBXFileReference; explicitFileType = wrapper.cfbundle; includeInIndex = 0; path = SimpleFlickrBrowserTests.xctest; sourceTree = BUILT_PRODUCTS_DIR; };
		944AC03623CE0E9E009FD611 /* Info.plist */ = {isa = PBXFileReference; lastKnownFileType = text.plist.xml; path = Info.plist; sourceTree = "<group>"; };
		944AC04323CFA5CC009FD611 /* FlickrApiKey.swift */ = {isa = PBXFileReference; lastKnownFileType = sourcecode.swift; path = FlickrApiKey.swift; sourceTree = "<group>"; };
/* End PBXFileReference section */

/* Begin PBXFrameworksBuildPhase section */
		944AC01723CE0E9C009FD611 /* Frameworks */ = {
			isa = PBXFrameworksBuildPhase;
			buildActionMask = 2147483647;
			files = (
			);
			runOnlyForDeploymentPostprocessing = 0;
		};
		944AC02D23CE0E9E009FD611 /* Frameworks */ = {
			isa = PBXFrameworksBuildPhase;
			buildActionMask = 2147483647;
			files = (
			);
			runOnlyForDeploymentPostprocessing = 0;
		};
/* End PBXFrameworksBuildPhase section */

/* Begin PBXGroup section */
		62DE9086A97F986E80E89C32 /* Models */ = {
			isa = PBXGroup;
			children = (
				62DE970A3FD09743A03DAF33 /* Photo.swift */,
			);
			path = Models;
			sourceTree = "<group>";
		};
		62DE914AF46616F5910AECF9 /* PhotoDataCache */ = {
			isa = PBXGroup;
			children = (
				62DE9B49CABD228CCFBCE936 /* PhotoDataCaching.swift */,
				62DE9805D6D4DBDDBAD078E2 /* PhotoDataNSCache.swift */,
			);
			path = PhotoDataCache;
			sourceTree = "<group>";
		};
		62DE92353EFEFAB905C719AC /* Scenes */ = {
			isa = PBXGroup;
			children = (
				62DE983292E5D66368CF497E /* Browser */,
			);
			path = Scenes;
			sourceTree = "<group>";
		};
		62DE932EFD760F664BE020DD /* PhotoCollectionFetcher */ = {
			isa = PBXGroup;
			children = (
				62DE90B754DC827D73A31B9E /* PhotoCollectionFetching.swift */,
				62DE9A0F5F5E76B6AFE7159B /* PhotoCollectionFetcherFactory.swift */,
				62DE9F3D2015C40F75DEED96 /* Flickr */,
			);
			path = PhotoCollectionFetcher;
			sourceTree = "<group>";
		};
		62DE9457002E4150E09510C5 /* FlickrApiServices */ = {
			isa = PBXGroup;
			children = (
				62DE9977C19E6F84415D9770 /* Photos */,
			);
			path = FlickrApiServices;
			sourceTree = "<group>";
		};
		62DE95432514559889E2BFBE /* PhotoDataCache */ = {
			isa = PBXGroup;
			children = (
				62DE91C1A5EBF975C64A37B3 /* MockPhotoDataCache.swift */,
			);
			path = PhotoDataCache;
			sourceTree = "<group>";
		};
		62DE964EA55B5AFD5FFAF651 /* Photos */ = {
			isa = PBXGroup;
			children = (
				62DE986497C5FB223DA10256 /* FlickrPhotoURLResolver.swift */,
				62DE954BE0BFF3D2EE91DE12 /* FlickrPhotosService.swift */,
				62DE994C1FCF70C4EBDAC916 /* Entities */,
			);
			path = Photos;
			sourceTree = "<group>";
		};
		62DE96CD430BE02619B01ABC /* Flickr */ = {
			isa = PBXGroup;
			children = (
				62DE9A2EBADCA5EE9059C3DD /* FlickrCollectionFetcherTests.swift */,
			);
			path = Flickr;
			sourceTree = "<group>";
		};
		62DE971DBB6088A895668352 /* PhotoCollectionFetcher */ = {
			isa = PBXGroup;
			children = (
				62DE96CD430BE02619B01ABC /* Flickr */,
				62DE9001FE62BE27C3D938B3 /* MockPhotoCollectionFetcher.swift */,
			);
			path = PhotoCollectionFetcher;
			sourceTree = "<group>";
		};
		62DE980BA7083F32DC796456 /* PhotoDataProvider */ = {
			isa = PBXGroup;
			children = (
				62DE95432514559889E2BFBE /* PhotoDataCache */,
				62DE986DB8FB2B4857D0B727 /* PhotoDataRetriever */,
				62DE9C85502219A9858DCF22 /* PhotoDataProviderTests.swift */,
				62DE92EE74C81312D3DB90B0 /* MockPhotoDataProvider.swift */,
			);
			path = PhotoDataProvider;
			sourceTree = "<group>";
		};
		62DE983292E5D66368CF497E /* Browser */ = {
			isa = PBXGroup;
			children = (
				62DE9F9AB6B2EBDB591C446A /* Cell */,
				62DE9EA9D6ACC68E32F8A681 /* BrowserInteractorTests.swift */,
				62DE944604E007DD383ABDE1 /* MockBrowserPresenter.swift */,
				62DE915A672C1C41DCCF9C8D /* BrowserPresenterTests.swift */,
				62DE9810EDB0220E74893A89 /* MockBrowserDisplaying.swift */,
			);
			path = Browser;
			sourceTree = "<group>";
		};
		62DE986DB8FB2B4857D0B727 /* PhotoDataRetriever */ = {
			isa = PBXGroup;
			children = (
				62DE96B5EBB14213DC9E7804 /* MockPhotoDataRetriever.swift */,
			);
			path = PhotoDataRetriever;
			sourceTree = "<group>";
		};
		62DE98C735D3CC9E8C88071A /* FlickrApiServices */ = {
			isa = PBXGroup;
			children = (
				62DE9D790ECF920DF2C9802B /* FlickrApiURLBuilder.swift */,
				62DE964EA55B5AFD5FFAF651 /* Photos */,
				62DE987D3B885CA1A25FB693 /* FlickrApiValues.swift */,
			);
			path = FlickrApiServices;
			sourceTree = "<group>";
		};
		62DE994C1FCF70C4EBDAC916 /* Entities */ = {
			isa = PBXGroup;
			children = (
				62DE96CE6B44327361D73D24 /* FlickrPhotos.swift */,
			);
			path = Entities;
			sourceTree = "<group>";
		};
		62DE9977C19E6F84415D9770 /* Photos */ = {
			isa = PBXGroup;
			children = (
				62DE9225FFEBB4968F60A987 /* MockFlickrPhotoService.swift */,
				62DE97953D19EE0C13151316 /* FlickrPhotoServiceTests.swift */,
			);
			path = Photos;
			sourceTree = "<group>";
		};
		62DE99D691735A5674751646 /* Configurator */ = {
			isa = PBXGroup;
			children = (
				62DE91396D5EDB77544792D3 /* ConfigurableBrowserCell.swift */,
				62DE9B272F1AC1988F71AF6E /* BrowserCellConfigurator.swift */,
			);
			path = Configurator;
			sourceTree = "<group>";
		};
		62DE9AABA2EDCDF4B92072F7 /* Extensions */ = {
			isa = PBXGroup;
			children = (
				62DE924CEDF37B8D5BC86D48 /* XCTestCase+QueueAwait.swift */,
			);
			path = Extensions;
			sourceTree = "<group>";
		};
		62DE9C11F52BBF38DEB44438 /* Network */ = {
			isa = PBXGroup;
			children = (
				62DE93C78893DAA0E46DBD6A /* HttpClient.swift */,
			);
			path = Network;
			sourceTree = "<group>";
		};
		62DE9CFCEE30E01697165808 /* Services */ = {
			isa = PBXGroup;
			children = (
				62DE980BA7083F32DC796456 /* PhotoDataProvider */,
				62DE9AABA2EDCDF4B92072F7 /* Extensions */,
				62DE971DBB6088A895668352 /* PhotoCollectionFetcher */,
			);
			path = Services;
			sourceTree = "<group>";
		};
		62DE9D2EA8B3AF5CAFA93B59 /* PhotoDataRetriever */ = {
			isa = PBXGroup;
			children = (
				62DE99F1F322B9F470256B1E /* PhotoDataRetrieving.swift */,
				62DE9868FFC49BF89E9F9192 /* NetworkPhotoDataRetriever.swift */,
			);
			path = PhotoDataRetriever;
			sourceTree = "<group>";
		};
		62DE9D5E58D61D76A56A0A7C /* PhotoDataProvider */ = {
			isa = PBXGroup;
			children = (
				62DE9FF6B55060E5204AC907 /* PhotoDataProvider.swift */,
				62DE914AF46616F5910AECF9 /* PhotoDataCache */,
				62DE99EC2B14DB9F0C554529 /* PhotoDataProviderFactory.swift */,
				62DE9D2EA8B3AF5CAFA93B59 /* PhotoDataRetriever */,
			);
			path = PhotoDataProvider;
			sourceTree = "<group>";
		};
		62DE9DFCAAFF045E8D9D30D4 /* Network */ = {
			isa = PBXGroup;
			children = (
				62DE9E19BC1900DC8648FD5E /* MockHttpClient.swift */,
			);
			path = Network;
			sourceTree = "<group>";
		};
		62DE9E4975BBE450619E428D /* Services */ = {
			isa = PBXGroup;
			children = (
				62DE9D5E58D61D76A56A0A7C /* PhotoDataProvider */,
				62DE98C735D3CC9E8C88071A /* FlickrApiServices */,
				62DE932EFD760F664BE020DD /* PhotoCollectionFetcher */,
			);
			path = Services;
			sourceTree = "<group>";
		};
		62DE9ED1568E25802A697C02 /* Cell */ = {
			isa = PBXGroup;
			children = (
				62DE969E8F3F30D004171974 /* BrowserCellModels.swift */,
				62DE9648DCA09C364860E8BB /* BrowserCellView.swift */,
				62DE997B53C61FE26593A99A /* BrowserCellInteractor.swift */,
				62DE9591CAA01E3F3C91A977 /* BrowserCellPresenter.swift */,
				62DE99D691735A5674751646 /* Configurator */,
				62DE92C6C8EA6BC8A24E8EBC /* BrowserCellFactory.swift */,
			);
			path = Cell;
			sourceTree = "<group>";
		};
		62DE9F3D2015C40F75DEED96 /* Flickr */ = {
			isa = PBXGroup;
			children = (
				62DE9C90249CCE2FAF835CF5 /* FlickrCollectionFetcher.swift */,
				62DE9B8BC72A4AB8A5A34B65 /* FlickrCollectionFetcherFactory.swift */,
			);
			path = Flickr;
			sourceTree = "<group>";
		};
		62DE9F9AB6B2EBDB591C446A /* Cell */ = {
			isa = PBXGroup;
			children = (
				62DE9B3E9AAA8D0661DEEFFE /* MockBrowserCellPresenter.swift */,
				62DE93A95BC1DB3D74EC66D8 /* BrowserCellInteractorTests.swift */,
			);
			path = Cell;
			sourceTree = "<group>";
		};
		944AC01123CE0E9C009FD611 = {
			isa = PBXGroup;
			children = (
				944AC01C23CE0E9C009FD611 /* SimpleFlickrBrowser */,
				944AC03323CE0E9E009FD611 /* SimpleFlickrBrowserTests */,
				944AC01B23CE0E9C009FD611 /* Products */,
			);
			sourceTree = "<group>";
		};
		944AC01B23CE0E9C009FD611 /* Products */ = {
			isa = PBXGroup;
			children = (
				944AC01A23CE0E9C009FD611 /* SimpleFlickrBrowser.app */,
				944AC03023CE0E9E009FD611 /* SimpleFlickrBrowserTests.xctest */,
			);
			name = Products;
			sourceTree = "<group>";
		};
		944AC01C23CE0E9C009FD611 /* SimpleFlickrBrowser */ = {
			isa = PBXGroup;
			children = (
				944AC04123CFA5A1009FD611 /* Scenes */,
				944AC04023CFA551009FD611 /* Resources */,
				944AC01D23CE0E9C009FD611 /* AppDelegate.swift */,
				62DE94A9AA78F83D54078368 /* RootDependencies.swift */,
				62DE9E4975BBE450619E428D /* Services */,
				62DE9C11F52BBF38DEB44438 /* Network */,
				62DE9086A97F986E80E89C32 /* Models */,
			);
			path = SimpleFlickrBrowser;
			sourceTree = "<group>";
		};
		944AC03323CE0E9E009FD611 /* SimpleFlickrBrowserTests */ = {
			isa = PBXGroup;
			children = (
				944AC03623CE0E9E009FD611 /* Info.plist */,
				62DE9CFCEE30E01697165808 /* Services */,
				62DE92353EFEFAB905C719AC /* Scenes */,
				62DE9457002E4150E09510C5 /* FlickrApiServices */,
				62DE9DFCAAFF045E8D9D30D4 /* Network */,
			);
			path = SimpleFlickrBrowserTests;
			sourceTree = "<group>";
		};
		944AC04023CFA551009FD611 /* Resources */ = {
			isa = PBXGroup;
			children = (
				944AC02623CE0E9E009FD611 /* Assets.xcassets */,
				944AC02823CE0E9E009FD611 /* LaunchScreen.storyboard */,
				944AC02B23CE0E9E009FD611 /* Info.plist */,
				944AC04323CFA5CC009FD611 /* FlickrApiKey.swift */,
			);
			path = Resources;
			sourceTree = "<group>";
		};
		944AC04123CFA5A1009FD611 /* Scenes */ = {
			isa = PBXGroup;
			children = (
				944AC04523CFA643009FD611 /* Browser */,
				62DE9C8D791DA5418ED32FCF /* Style.swift */,
			);
			path = Scenes;
			sourceTree = "<group>";
		};
		944AC04523CFA643009FD611 /* Browser */ = {
			isa = PBXGroup;
			children = (
				62DE900EADCC52560B246392 /* BrowserViewController.swift */,
				62DE9E2159757D6020248C32 /* BrowserInteractor.swift */,
				62DE98FFE252C3D837867816 /* BrowserPresenter.swift */,
				62DE9E652D625ECC302D66F9 /* BrowserModels.swift */,
				62DE9817F61216E36044EA42 /* BrowserViewDataSource.swift */,
				62DE9CC652A43A976EDE4FF6 /* BrowserFactory.swift */,
				62DE9ED1568E25802A697C02 /* Cell */,
			);
			path = Browser;
			sourceTree = "<group>";
		};
/* End PBXGroup section */

/* Begin PBXNativeTarget section */
		944AC01923CE0E9C009FD611 /* SimpleFlickrBrowser */ = {
			isa = PBXNativeTarget;
			buildConfigurationList = 944AC03923CE0E9E009FD611 /* Build configuration list for PBXNativeTarget "SimpleFlickrBrowser" */;
			buildPhases = (
				944AC01623CE0E9C009FD611 /* Sources */,
				944AC01723CE0E9C009FD611 /* Frameworks */,
				944AC01823CE0E9C009FD611 /* Resources */,
			);
			buildRules = (
			);
			dependencies = (
			);
			name = SimpleFlickrBrowser;
			productName = SimpleFlickrBrowser;
			productReference = 944AC01A23CE0E9C009FD611 /* SimpleFlickrBrowser.app */;
			productType = "com.apple.product-type.application";
		};
		944AC02F23CE0E9E009FD611 /* SimpleFlickrBrowserTests */ = {
			isa = PBXNativeTarget;
			buildConfigurationList = 944AC03C23CE0E9E009FD611 /* Build configuration list for PBXNativeTarget "SimpleFlickrBrowserTests" */;
			buildPhases = (
				944AC02C23CE0E9E009FD611 /* Sources */,
				944AC02D23CE0E9E009FD611 /* Frameworks */,
				944AC02E23CE0E9E009FD611 /* Resources */,
			);
			buildRules = (
			);
			dependencies = (
				944AC03223CE0E9E009FD611 /* PBXTargetDependency */,
			);
			name = SimpleFlickrBrowserTests;
			productName = SimpleFlickrBrowserTests;
			productReference = 944AC03023CE0E9E009FD611 /* SimpleFlickrBrowserTests.xctest */;
			productType = "com.apple.product-type.bundle.unit-test";
		};
/* End PBXNativeTarget section */

/* Begin PBXProject section */
		944AC01223CE0E9C009FD611 /* Project object */ = {
			isa = PBXProject;
			attributes = {
				LastSwiftUpdateCheck = 1130;
				LastUpgradeCheck = 1130;
				ORGANIZATIONNAME = rencevio;
				TargetAttributes = {
					944AC01923CE0E9C009FD611 = {
						CreatedOnToolsVersion = 11.3.1;
					};
					944AC02F23CE0E9E009FD611 = {
						CreatedOnToolsVersion = 11.3.1;
						TestTargetID = 944AC01923CE0E9C009FD611;
					};
				};
			};
			buildConfigurationList = 944AC01523CE0E9C009FD611 /* Build configuration list for PBXProject "SimpleFlickrBrowser" */;
			compatibilityVersion = "Xcode 9.3";
			developmentRegion = en;
			hasScannedForEncodings = 0;
			knownRegions = (
				en,
				Base,
			);
			mainGroup = 944AC01123CE0E9C009FD611;
			productRefGroup = 944AC01B23CE0E9C009FD611 /* Products */;
			projectDirPath = "";
			projectRoot = "";
			targets = (
				944AC01923CE0E9C009FD611 /* SimpleFlickrBrowser */,
				944AC02F23CE0E9E009FD611 /* SimpleFlickrBrowserTests */,
			);
		};
/* End PBXProject section */

/* Begin PBXResourcesBuildPhase section */
		944AC01823CE0E9C009FD611 /* Resources */ = {
			isa = PBXResourcesBuildPhase;
			buildActionMask = 2147483647;
			files = (
				944AC02A23CE0E9E009FD611 /* LaunchScreen.storyboard in Resources */,
				944AC02723CE0E9E009FD611 /* Assets.xcassets in Resources */,
			);
			runOnlyForDeploymentPostprocessing = 0;
		};
		944AC02E23CE0E9E009FD611 /* Resources */ = {
			isa = PBXResourcesBuildPhase;
			buildActionMask = 2147483647;
			files = (
			);
			runOnlyForDeploymentPostprocessing = 0;
		};
/* End PBXResourcesBuildPhase section */

/* Begin PBXSourcesBuildPhase section */
		944AC01623CE0E9C009FD611 /* Sources */ = {
			isa = PBXSourcesBuildPhase;
			buildActionMask = 2147483647;
			files = (
				944AC04423CFA5CC009FD611 /* FlickrApiKey.swift in Sources */,
				944AC01E23CE0E9C009FD611 /* AppDelegate.swift in Sources */,
				62DE9B6C8EDB44A25EEE77A0 /* BrowserViewController.swift in Sources */,
				62DE9B36C2A72575C7802A24 /* BrowserInteractor.swift in Sources */,
				62DE9072B9CEDE9C92CBF7AF /* BrowserPresenter.swift in Sources */,
				62DE9F2E46CDDC60B4A5DEAE /* BrowserModels.swift in Sources */,
				62DE9C8EC1EBD9B055EF5388 /* BrowserViewDataSource.swift in Sources */,
				62DE9927B234F05FAB311B8D /* RootDependencies.swift in Sources */,
				62DE9452E6FC1D01DD8976DA /* BrowserFactory.swift in Sources */,
				62DE9E63C0B530594A5B150B /* Style.swift in Sources */,
				62DE9F69E85302202E6884B3 /* PhotoDataProvider.swift in Sources */,
				62DE9FDF59C5BAB0F8D43494 /* PhotoDataCaching.swift in Sources */,
				62DE9A9250BD0AC541234841 /* PhotoDataProviderFactory.swift in Sources */,
				62DE92DECC87D7DACFB69CC9 /* PhotoDataRetrieving.swift in Sources */,
				62DE92A1A0D21DCC9FC97F7E /* NetworkPhotoDataRetriever.swift in Sources */,
				62DE9F5B37C5FE4BED753FB2 /* PhotoDataNSCache.swift in Sources */,
				62DE98D6E300CD17DD7D23A3 /* BrowserCellView.swift in Sources */,
				62DE9427597853C3B0A5E661 /* BrowserCellModels.swift in Sources */,
				62DE983EF92FD18305C80488 /* BrowserCellInteractor.swift in Sources */,
				62DE9CBE1FB6013A700EB635 /* BrowserCellPresenter.swift in Sources */,
				62DE91E5B84C14466618EAC1 /* ConfigurableBrowserCell.swift in Sources */,
				62DE90B3B714B21C13925831 /* BrowserCellConfigurator.swift in Sources */,
				62DE90A60057F36A04993DE3 /* BrowserCellFactory.swift in Sources */,
				62DE9EC2FE48A5A204531EEA /* HttpClient.swift in Sources */,
				62DE9C2CEA5B44E24BB2D6F5 /* PhotoCollectionFetching.swift in Sources */,
				62DE97CDCFCD2718C1BBC1E8 /* PhotoCollectionFetcherFactory.swift in Sources */,
				62DE9CE6366FD6ECE740C55C /* FlickrCollectionFetcher.swift in Sources */,
				62DE9EBE33EDC3D97D929FF2 /* Photo.swift in Sources */,
				62DE959CA829F11A51767E30 /* FlickrCollectionFetcherFactory.swift in Sources */,
				62DE9A8C69E9E0A200181E5C /* FlickrApiURLBuilder.swift in Sources */,
				62DE971066062BAA9D8C9AE4 /* FlickrPhotoURLResolver.swift in Sources */,
				62DE966944A50351E4087F92 /* FlickrPhotosService.swift in Sources */,
				62DE971FF8AB9DC74BA9B87C /* FlickrApiValues.swift in Sources */,
				62DE95BAA18D1A52C35EF040 /* FlickrPhotos.swift in Sources */,
			);
			runOnlyForDeploymentPostprocessing = 0;
		};
		944AC02C23CE0E9E009FD611 /* Sources */ = {
			isa = PBXSourcesBuildPhase;
			buildActionMask = 2147483647;
			files = (
				62DE93261A41C5DDC9BACDB0 /* MockPhotoDataCache.swift in Sources */,
				62DE90E73B9BFCA4A54B76C2 /* MockPhotoDataRetriever.swift in Sources */,
				62DE9921C1443189F640771E /* PhotoDataProviderTests.swift in Sources */,
				62DE927526937FB6BEDCE8BC /* MockBrowserCellPresenter.swift in Sources */,
				62DE944EF838C8C313469CCB /* MockPhotoDataProvider.swift in Sources */,
				62DE93E9065F0528B8577C0E /* BrowserCellInteractorTests.swift in Sources */,
				62DE91F96D06BDB6AE8D40A1 /* XCTestCase+QueueAwait.swift in Sources */,
				62DE97140AE23BE5CD384EF0 /* MockHttpClient.swift in Sources */,
				62DE911E1EB4D78BCA9085CB /* FlickrCollectionFetcherTests.swift in Sources */,
				62DE90F40E919CCFF876D1A6 /* MockFlickrPhotoService.swift in Sources */,
				62DE97B6EC739349BC9A6D2F /* FlickrPhotoServiceTests.swift in Sources */,
				62DE9FA335C6F1E04D690818 /* BrowserInteractorTests.swift in Sources */,
				62DE9934B5A84CB2A3736360 /* MockPhotoCollectionFetcher.swift in Sources */,
				62DE9866170F4BCE2B93E2E0 /* MockBrowserPresenter.swift in Sources */,
				62DE9387D309D2DD3F2AC102 /* BrowserPresenterTests.swift in Sources */,
				62DE946CFE4B0C1C5B9E1324 /* MockBrowserDisplaying.swift in Sources */,
			);
			runOnlyForDeploymentPostprocessing = 0;
		};
/* End PBXSourcesBuildPhase section */

/* Begin PBXTargetDependency section */
		944AC03223CE0E9E009FD611 /* PBXTargetDependency */ = {
			isa = PBXTargetDependency;
			target = 944AC01923CE0E9C009FD611 /* SimpleFlickrBrowser */;
			targetProxy = 944AC03123CE0E9E009FD611 /* PBXContainerItemProxy */;
		};
/* End PBXTargetDependency section */

/* Begin PBXVariantGroup section */
		944AC02823CE0E9E009FD611 /* LaunchScreen.storyboard */ = {
			isa = PBXVariantGroup;
			children = (
				944AC02923CE0E9E009FD611 /* Base */,
			);
			name = LaunchScreen.storyboard;
			sourceTree = "<group>";
		};
/* End PBXVariantGroup section */

/* Begin XCBuildConfiguration section */
		944AC03723CE0E9E009FD611 /* Debug */ = {
			isa = XCBuildConfiguration;
			buildSettings = {
				ALWAYS_SEARCH_USER_PATHS = NO;
				CLANG_ANALYZER_NONNULL = YES;
				CLANG_ANALYZER_NUMBER_OBJECT_CONVERSION = YES_AGGRESSIVE;
				CLANG_CXX_LANGUAGE_STANDARD = "gnu++14";
				CLANG_CXX_LIBRARY = "libc++";
				CLANG_ENABLE_MODULES = YES;
				CLANG_ENABLE_OBJC_ARC = YES;
				CLANG_ENABLE_OBJC_WEAK = YES;
				CLANG_WARN_BLOCK_CAPTURE_AUTORELEASING = YES;
				CLANG_WARN_BOOL_CONVERSION = YES;
				CLANG_WARN_COMMA = YES;
				CLANG_WARN_CONSTANT_CONVERSION = YES;
				CLANG_WARN_DEPRECATED_OBJC_IMPLEMENTATIONS = YES;
				CLANG_WARN_DIRECT_OBJC_ISA_USAGE = YES_ERROR;
				CLANG_WARN_DOCUMENTATION_COMMENTS = YES;
				CLANG_WARN_EMPTY_BODY = YES;
				CLANG_WARN_ENUM_CONVERSION = YES;
				CLANG_WARN_INFINITE_RECURSION = YES;
				CLANG_WARN_INT_CONVERSION = YES;
				CLANG_WARN_NON_LITERAL_NULL_CONVERSION = YES;
				CLANG_WARN_OBJC_IMPLICIT_RETAIN_SELF = YES;
				CLANG_WARN_OBJC_LITERAL_CONVERSION = YES;
				CLANG_WARN_OBJC_ROOT_CLASS = YES_ERROR;
				CLANG_WARN_RANGE_LOOP_ANALYSIS = YES;
				CLANG_WARN_STRICT_PROTOTYPES = YES;
				CLANG_WARN_SUSPICIOUS_MOVE = YES;
				CLANG_WARN_UNGUARDED_AVAILABILITY = YES_AGGRESSIVE;
				CLANG_WARN_UNREACHABLE_CODE = YES;
				CLANG_WARN__DUPLICATE_METHOD_MATCH = YES;
				COPY_PHASE_STRIP = NO;
				DEBUG_INFORMATION_FORMAT = dwarf;
				ENABLE_STRICT_OBJC_MSGSEND = YES;
				ENABLE_TESTABILITY = YES;
				GCC_C_LANGUAGE_STANDARD = gnu11;
				GCC_DYNAMIC_NO_PIC = NO;
				GCC_NO_COMMON_BLOCKS = YES;
				GCC_OPTIMIZATION_LEVEL = 0;
				GCC_PREPROCESSOR_DEFINITIONS = (
					"DEBUG=1",
					"$(inherited)",
				);
				GCC_WARN_64_TO_32_BIT_CONVERSION = YES;
				GCC_WARN_ABOUT_RETURN_TYPE = YES_ERROR;
				GCC_WARN_UNDECLARED_SELECTOR = YES;
				GCC_WARN_UNINITIALIZED_AUTOS = YES_AGGRESSIVE;
				GCC_WARN_UNUSED_FUNCTION = YES;
				GCC_WARN_UNUSED_VARIABLE = YES;
				IPHONEOS_DEPLOYMENT_TARGET = 13.2;
				MTL_ENABLE_DEBUG_INFO = INCLUDE_SOURCE;
				MTL_FAST_MATH = YES;
				ONLY_ACTIVE_ARCH = YES;
				SDKROOT = iphoneos;
				SWIFT_ACTIVE_COMPILATION_CONDITIONS = DEBUG;
				SWIFT_OPTIMIZATION_LEVEL = "-Onone";
			};
			name = Debug;
		};
		944AC03823CE0E9E009FD611 /* Release */ = {
			isa = XCBuildConfiguration;
			buildSettings = {
				ALWAYS_SEARCH_USER_PATHS = NO;
				CLANG_ANALYZER_NONNULL = YES;
				CLANG_ANALYZER_NUMBER_OBJECT_CONVERSION = YES_AGGRESSIVE;
				CLANG_CXX_LANGUAGE_STANDARD = "gnu++14";
				CLANG_CXX_LIBRARY = "libc++";
				CLANG_ENABLE_MODULES = YES;
				CLANG_ENABLE_OBJC_ARC = YES;
				CLANG_ENABLE_OBJC_WEAK = YES;
				CLANG_WARN_BLOCK_CAPTURE_AUTORELEASING = YES;
				CLANG_WARN_BOOL_CONVERSION = YES;
				CLANG_WARN_COMMA = YES;
				CLANG_WARN_CONSTANT_CONVERSION = YES;
				CLANG_WARN_DEPRECATED_OBJC_IMPLEMENTATIONS = YES;
				CLANG_WARN_DIRECT_OBJC_ISA_USAGE = YES_ERROR;
				CLANG_WARN_DOCUMENTATION_COMMENTS = YES;
				CLANG_WARN_EMPTY_BODY = YES;
				CLANG_WARN_ENUM_CONVERSION = YES;
				CLANG_WARN_INFINITE_RECURSION = YES;
				CLANG_WARN_INT_CONVERSION = YES;
				CLANG_WARN_NON_LITERAL_NULL_CONVERSION = YES;
				CLANG_WARN_OBJC_IMPLICIT_RETAIN_SELF = YES;
				CLANG_WARN_OBJC_LITERAL_CONVERSION = YES;
				CLANG_WARN_OBJC_ROOT_CLASS = YES_ERROR;
				CLANG_WARN_RANGE_LOOP_ANALYSIS = YES;
				CLANG_WARN_STRICT_PROTOTYPES = YES;
				CLANG_WARN_SUSPICIOUS_MOVE = YES;
				CLANG_WARN_UNGUARDED_AVAILABILITY = YES_AGGRESSIVE;
				CLANG_WARN_UNREACHABLE_CODE = YES;
				CLANG_WARN__DUPLICATE_METHOD_MATCH = YES;
				COPY_PHASE_STRIP = NO;
				DEBUG_INFORMATION_FORMAT = "dwarf-with-dsym";
				ENABLE_NS_ASSERTIONS = NO;
				ENABLE_STRICT_OBJC_MSGSEND = YES;
				GCC_C_LANGUAGE_STANDARD = gnu11;
				GCC_NO_COMMON_BLOCKS = YES;
				GCC_WARN_64_TO_32_BIT_CONVERSION = YES;
				GCC_WARN_ABOUT_RETURN_TYPE = YES_ERROR;
				GCC_WARN_UNDECLARED_SELECTOR = YES;
				GCC_WARN_UNINITIALIZED_AUTOS = YES_AGGRESSIVE;
				GCC_WARN_UNUSED_FUNCTION = YES;
				GCC_WARN_UNUSED_VARIABLE = YES;
				IPHONEOS_DEPLOYMENT_TARGET = 13.2;
				MTL_ENABLE_DEBUG_INFO = NO;
				MTL_FAST_MATH = YES;
				SDKROOT = iphoneos;
				SWIFT_COMPILATION_MODE = wholemodule;
				SWIFT_OPTIMIZATION_LEVEL = "-O";
				VALIDATE_PRODUCT = YES;
			};
			name = Release;
		};
		944AC03A23CE0E9E009FD611 /* Debug */ = {
			isa = XCBuildConfiguration;
			buildSettings = {
				ASSETCATALOG_COMPILER_APPICON_NAME = AppIcon;
				CODE_SIGN_STYLE = Automatic;
				DEVELOPMENT_TEAM = 9457UBK9S3;
				INFOPLIST_FILE = SimpleFlickrBrowser/Resources/Info.plist;
				LD_RUNPATH_SEARCH_PATHS = (
					"$(inherited)",
					"@executable_path/Frameworks",
				);
				PRODUCT_BUNDLE_IDENTIFIER = com.SimpleFlickrBrowser;
				PRODUCT_NAME = "$(TARGET_NAME)";
				SWIFT_VERSION = 5.0;
				TARGETED_DEVICE_FAMILY = "1,2";
			};
			name = Debug;
		};
		944AC03B23CE0E9E009FD611 /* Release */ = {
			isa = XCBuildConfiguration;
			buildSettings = {
				ASSETCATALOG_COMPILER_APPICON_NAME = AppIcon;
				CODE_SIGN_STYLE = Automatic;
				DEVELOPMENT_TEAM = 9457UBK9S3;
				INFOPLIST_FILE = SimpleFlickrBrowser/Resources/Info.plist;
				LD_RUNPATH_SEARCH_PATHS = (
					"$(inherited)",
					"@executable_path/Frameworks",
				);
				PRODUCT_BUNDLE_IDENTIFIER = com.SimpleFlickrBrowser;
				PRODUCT_NAME = "$(TARGET_NAME)";
				SWIFT_VERSION = 5.0;
				TARGETED_DEVICE_FAMILY = "1,2";
			};
			name = Release;
		};
		944AC03D23CE0E9E009FD611 /* Debug */ = {
			isa = XCBuildConfiguration;
			buildSettings = {
				ALWAYS_EMBED_SWIFT_STANDARD_LIBRARIES = YES;
				BUNDLE_LOADER = "$(TEST_HOST)";
				CODE_SIGN_STYLE = Automatic;
				DEVELOPMENT_TEAM = 9457UBK9S3;
				INFOPLIST_FILE = SimpleFlickrBrowserTests/Info.plist;
				IPHONEOS_DEPLOYMENT_TARGET = 13.2;
				LD_RUNPATH_SEARCH_PATHS = (
					"$(inherited)",
					"@executable_path/Frameworks",
					"@loader_path/Frameworks",
				);
				PRODUCT_BUNDLE_IDENTIFIER = com.SimpleFlickrBrowserTests;
				PRODUCT_NAME = "$(TARGET_NAME)";
				SWIFT_VERSION = 5.0;
				TARGETED_DEVICE_FAMILY = "1,2";
				TEST_HOST = "$(BUILT_PRODUCTS_DIR)/SimpleFlickrBrowser.app/SimpleFlickrBrowser";
			};
			name = Debug;
		};
		944AC03E23CE0E9E009FD611 /* Release */ = {
			isa = XCBuildConfiguration;
			buildSettings = {
				ALWAYS_EMBED_SWIFT_STANDARD_LIBRARIES = YES;
				BUNDLE_LOADER = "$(TEST_HOST)";
				CODE_SIGN_STYLE = Automatic;
				DEVELOPMENT_TEAM = 9457UBK9S3;
				INFOPLIST_FILE = SimpleFlickrBrowserTests/Info.plist;
				IPHONEOS_DEPLOYMENT_TARGET = 13.2;
				LD_RUNPATH_SEARCH_PATHS = (
					"$(inherited)",
					"@executable_path/Frameworks",
					"@loader_path/Frameworks",
				);
				PRODUCT_BUNDLE_IDENTIFIER = com.SimpleFlickrBrowserTests;
				PRODUCT_NAME = "$(TARGET_NAME)";
				SWIFT_VERSION = 5.0;
				TARGETED_DEVICE_FAMILY = "1,2";
				TEST_HOST = "$(BUILT_PRODUCTS_DIR)/SimpleFlickrBrowser.app/SimpleFlickrBrowser";
			};
			name = Release;
		};
/* End XCBuildConfiguration section */

/* Begin XCConfigurationList section */
		944AC01523CE0E9C009FD611 /* Build configuration list for PBXProject "SimpleFlickrBrowser" */ = {
			isa = XCConfigurationList;
			buildConfigurations = (
				944AC03723CE0E9E009FD611 /* Debug */,
				944AC03823CE0E9E009FD611 /* Release */,
			);
			defaultConfigurationIsVisible = 0;
			defaultConfigurationName = Release;
		};
		944AC03923CE0E9E009FD611 /* Build configuration list for PBXNativeTarget "SimpleFlickrBrowser" */ = {
			isa = XCConfigurationList;
			buildConfigurations = (
				944AC03A23CE0E9E009FD611 /* Debug */,
				944AC03B23CE0E9E009FD611 /* Release */,
			);
			defaultConfigurationIsVisible = 0;
			defaultConfigurationName = Release;
		};
		944AC03C23CE0E9E009FD611 /* Build configuration list for PBXNativeTarget "SimpleFlickrBrowserTests" */ = {
			isa = XCConfigurationList;
			buildConfigurations = (
				944AC03D23CE0E9E009FD611 /* Debug */,
				944AC03E23CE0E9E009FD611 /* Release */,
			);
			defaultConfigurationIsVisible = 0;
			defaultConfigurationName = Release;
		};
/* End XCConfigurationList section */
	};
	rootObject = 944AC01223CE0E9C009FD611 /* Project object */;
}
